// !$*UTF8*$!
{
	archiveVersion = 1;
	classes = {
	};
	objectVersion = 77;
	objects = {

/* Begin PBXContainerItemProxy section */
		E94189DE2E4891D600C5D043 /* PBXContainerItemProxy */ = {
			isa = PBXContainerItemProxy;
			containerPortal = E94189C62E4891D300C5D043 /* Project object */;
			proxyType = 1;
			remoteGlobalIDString = E94189CD2E4891D300C5D043;
			remoteInfo = ParentShoppingApp;
		};
		E94189E82E4891D600C5D043 /* PBXContainerItemProxy */ = {
			isa = PBXContainerItemProxy;
			containerPortal = E94189C62E4891D300C5D043 /* Project object */;
			proxyType = 1;
			remoteGlobalIDString = E94189CD2E4891D300C5D043;
			remoteInfo = ParentShoppingApp;
		};
/* End PBXContainerItemProxy section */

/* Begin PBXFileReference section */
		E94189CE2E4891D300C5D043 /* ParentShoppingApp.app */ = {isa = PBXFileReference; explicitFileType = wrapper.application; includeInIndex = 0; path = ParentShoppingApp.app; sourceTree = BUILT_PRODUCTS_DIR; };
		E94189DD2E4891D600C5D043 /* ParentShoppingAppTests.xctest */ = {isa = PBXFileReference; explicitFileType = wrapper.cfbundle; includeInIndex = 0; path = ParentShoppingAppTests.xctest; sourceTree = BUILT_PRODUCTS_DIR; };
		E94189E72E4891D600C5D043 /* ParentShoppingAppUITests.xctest */ = {isa = PBXFileReference; explicitFileType = wrapper.cfbundle; includeInIndex = 0; path = ParentShoppingAppUITests.xctest; sourceTree = BUILT_PRODUCTS_DIR; };
/* End PBXFileReference section */

/* Begin PBXFileSystemSynchronizedRootGroup section */
		E94189D02E4891D300C5D043 /* ParentShoppingApp */ = {
			isa = PBXFileSystemSynchronizedRootGroup;
			path = ParentShoppingApp;
			sourceTree = "<group>";
		};
		E94189E02E4891D600C5D043 /* ParentShoppingAppTests */ = {
			isa = PBXFileSystemSynchronizedRootGroup;
			path = ParentShoppingAppTests;
			sourceTree = "<group>";
		};
		E94189EA2E4891D600C5D043 /* ParentShoppingAppUITests */ = {
			isa = PBXFileSystemSynchronizedRootGroup;
			path = ParentShoppingAppUITests;
			sourceTree = "<group>";
		};
/* End PBXFileSystemSynchronizedRootGroup section */

/* Begin PBXFrameworksBuildPhase section */
		E94189CB2E4891D300C5D043 /* Frameworks */ = {
			isa = PBXFrameworksBuildPhase;
			buildActionMask = 2147483647;
			files = (
			);
			runOnlyForDeploymentPostprocessing = 0;
		};
		E94189DA2E4891D600C5D043 /* Frameworks */ = {
			isa = PBXFrameworksBuildPhase;
			buildActionMask = 2147483647;
			files = (
			);
			runOnlyForDeploymentPostprocessing = 0;
		};
		E94189E42E4891D600C5D043 /* Frameworks */ = {
			isa = PBXFrameworksBuildPhase;
			buildActionMask = 2147483647;
			files = (
			);
			runOnlyForDeploymentPostprocessing = 0;
		};
/* End PBXFrameworksBuildPhase section */

/* Begin PBXGroup section */
		E94189C52E4891D300C5D043 = {
			isa = PBXGroup;
			children = (
				E94189D02E4891D300C5D043 /* ParentShoppingApp */,
				E94189E02E4891D600C5D043 /* ParentShoppingAppTests */,
				E94189EA2E4891D600C5D043 /* ParentShoppingAppUITests */,
				E94189CF2E4891D300C5D043 /* Products */,
			);
			sourceTree = "<group>";
		};
		E94189CF2E4891D300C5D043 /* Products */ = {
			isa = PBXGroup;
			children = (
				E94189CE2E4891D300C5D043 /* ParentShoppingApp.app */,
				E94189DD2E4891D600C5D043 /* ParentShoppingAppTests.xctest */,
				E94189E72E4891D600C5D043 /* ParentShoppingAppUITests.xctest */,
			);
			name = Products;
			sourceTree = "<group>";
		};
/* End PBXGroup section */

/* Begin PBXNativeTarget section */
		E94189CD2E4891D300C5D043 /* ParentShoppingApp */ = {
			isa = PBXNativeTarget;
			buildConfigurationList = E94189F12E4891D600C5D043 /* Build configuration list for PBXNativeTarget "ParentShoppingApp" */;
			buildPhases = (
				E94189CA2E4891D300C5D043 /* Sources */,
				E94189CB2E4891D300C5D043 /* Frameworks */,
				E94189CC2E4891D300C5D043 /* Resources */,
			);
			buildRules = (
			);
			dependencies = (
			);
			fileSystemSynchronizedGroups = (
				E94189D02E4891D300C5D043 /* ParentShoppingApp */,
			);
			name = ParentShoppingApp;
			packageProductDependencies = (
			);
			productName = ParentShoppingApp;
			productReference = E94189CE2E4891D300C5D043 /* ParentShoppingApp.app */;
			productType = "com.apple.product-type.application";
		};
		E94189DC2E4891D600C5D043 /* ParentShoppingAppTests */ = {
			isa = PBXNativeTarget;
			buildConfigurationList = E94189F42E4891D600C5D043 /* Build configuration list for PBXNativeTarget "ParentShoppingAppTests" */;
			buildPhases = (
				E94189D92E4891D600C5D043 /* Sources */,
				E94189DA2E4891D600C5D043 /* Frameworks */,
				E94189DB2E4891D600C5D043 /* Resources */,
			);
			buildRules = (
			);
			dependencies = (
				E94189DF2E4891D600C5D043 /* PBXTargetDependency */,
			);
			fileSystemSynchronizedGroups = (
				E94189E02E4891D600C5D043 /* ParentShoppingAppTests */,
			);
			name = ParentShoppingAppTests;
			packageProductDependencies = (
			);
			productName = ParentShoppingAppTests;
			productReference = E94189DD2E4891D600C5D043 /* ParentShoppingAppTests.xctest */;
			productType = "com.apple.product-type.bundle.unit-test";
		};
		E94189E62E4891D600C5D043 /* ParentShoppingAppUITests */ = {
			isa = PBXNativeTarget;
			buildConfigurationList = E94189F72E4891D600C5D043 /* Build configuration list for PBXNativeTarget "ParentShoppingAppUITests" */;
			buildPhases = (
				E94189E32E4891D600C5D043 /* Sources */,
				E94189E42E4891D600C5D043 /* Frameworks */,
				E94189E52E4891D600C5D043 /* Resources */,
			);
			buildRules = (
			);
			dependencies = (
				E94189E92E4891D600C5D043 /* PBXTargetDependency */,
			);
			fileSystemSynchronizedGroups = (
				E94189EA2E4891D600C5D043 /* ParentShoppingAppUITests */,
			);
			name = ParentShoppingAppUITests;
			packageProductDependencies = (
			);
			productName = ParentShoppingAppUITests;
			productReference = E94189E72E4891D600C5D043 /* ParentShoppingAppUITests.xctest */;
			productType = "com.apple.product-type.bundle.ui-testing";
		};
/* End PBXNativeTarget section */

/* Begin PBXProject section */
		E94189C62E4891D300C5D043 /* Project object */ = {
			isa = PBXProject;
			attributes = {
				BuildIndependentTargetsInParallel = 1;
				LastSwiftUpdateCheck = 1640;
				LastUpgradeCheck = 1640;
				TargetAttributes = {
					E94189CD2E4891D300C5D043 = {
						CreatedOnToolsVersion = 16.4;
					};
					E94189DC2E4891D600C5D043 = {
						CreatedOnToolsVersion = 16.4;
						TestTargetID = E94189CD2E4891D300C5D043;
					};
					E94189E62E4891D600C5D043 = {
						CreatedOnToolsVersion = 16.4;
						TestTargetID = E94189CD2E4891D300C5D043;
					};
				};
			};
			buildConfigurationList = E94189C92E4891D300C5D043 /* Build configuration list for PBXProject "ParentShoppingApp" */;
			developmentRegion = en;
			hasScannedForEncodings = 0;
			knownRegions = (
				en,
				Base,
			);
			mainGroup = E94189C52E4891D300C5D043;
			minimizedProjectReferenceProxies = 1;
			preferredProjectObjectVersion = 77;
			productRefGroup = E94189CF2E4891D300C5D043 /* Products */;
			projectDirPath = "";
			projectRoot = "";
			targets = (
				E94189CD2E4891D300C5D043 /* ParentShoppingApp */,
				E94189DC2E4891D600C5D043 /* ParentShoppingAppTests */,
				E94189E62E4891D600C5D043 /* ParentShoppingAppUITests */,
			);
		};
/* End PBXProject section */

/* Begin PBXResourcesBuildPhase section */
		E94189CC2E4891D300C5D043 /* Resources */ = {
			isa = PBXResourcesBuildPhase;
			buildActionMask = 2147483647;
			files = (
			);
			runOnlyForDeploymentPostprocessing = 0;
		};
		E94189DB2E4891D600C5D043 /* Resources */ = {
			isa = PBXResourcesBuildPhase;
			buildActionMask = 2147483647;
			files = (
			);
			runOnlyForDeploymentPostprocessing = 0;
		};
		E94189E52E4891D600C5D043 /* Resources */ = {
			isa = PBXResourcesBuildPhase;
			buildActionMask = 2147483647;
			files = (
			);
			runOnlyForDeploymentPostprocessing = 0;
		};
/* End PBXResourcesBuildPhase section */

/* Begin PBXSourcesBuildPhase section */
		E94189CA2E4891D300C5D043 /* Sources */ = {
			isa = PBXSourcesBuildPhase;
			buildActionMask = 2147483647;
			files = (
			);
			runOnlyForDeploymentPostprocessing = 0;
		};
		E94189D92E4891D600C5D043 /* Sources */ = {
			isa = PBXSourcesBuildPhase;
			buildActionMask = 2147483647;
			files = (
			);
			runOnlyForDeploymentPostprocessing = 0;
		};
		E94189E32E4891D600C5D043 /* Sources */ = {
			isa = PBXSourcesBuildPhase;
			buildActionMask = 2147483647;
			files = (
			);
			runOnlyForDeploymentPostprocessing = 0;
		};
/* End PBXSourcesBuildPhase section */

/* Begin PBXTargetDependency section */
		E94189DF2E4891D600C5D043 /* PBXTargetDependency */ = {
			isa = PBXTargetDependency;
			target = E94189CD2E4891D300C5D043 /* ParentShoppingApp */;
			targetProxy = E94189DE2E4891D600C5D043 /* PBXContainerItemProxy */;
		};
		E94189E92E4891D600C5D043 /* PBXTargetDependency */ = {
			isa = PBXTargetDependency;
			target = E94189CD2E4891D300C5D043 /* ParentShoppingApp */;
			targetProxy = E94189E82E4891D600C5D043 /* PBXContainerItemProxy */;
		};
/* End PBXTargetDependency section */

/* Begin XCBuildConfiguration section */
		E94189EF2E4891D600C5D043 /* Debug */ = {
			isa = XCBuildConfiguration;
			buildSettings = {
				ALWAYS_SEARCH_USER_PATHS = NO;
				ASSETCATALOG_COMPILER_GENERATE_SWIFT_ASSET_SYMBOL_EXTENSIONS = YES;
				CLANG_ANALYZER_NONNULL = YES;
				CLANG_ANALYZER_NUMBER_OBJECT_CONVERSION = YES_AGGRESSIVE;
				CLANG_CXX_LANGUAGE_STANDARD = "gnu++20";
				CLANG_ENABLE_MODULES = YES;
				CLANG_ENABLE_OBJC_ARC = YES;
				CLANG_ENABLE_OBJC_WEAK = YES;
				CLANG_WARN_BLOCK_CAPTURE_AUTORELEASING = YES;
				CLANG_WARN_BOOL_CONVERSION = YES;
				CLANG_WARN_COMMA = YES;
				CLANG_WARN_CONSTANT_CONVERSION = YES;
				CLANG_WARN_DEPRECATED_OBJC_IMPLEMENTATIONS = YES;
				CLANG_WARN_DIRECT_OBJC_ISA_USAGE = YES_ERROR;
				CLANG_WARN_DOCUMENTATION_COMMENTS = YES;
				CLANG_WARN_EMPTY_BODY = YES;
				CLANG_WARN_ENUM_CONVERSION = YES;
				CLANG_WARN_INFINITE_RECURSION = YES;
				CLANG_WARN_INT_CONVERSION = YES;
				CLANG_WARN_NON_LITERAL_NULL_CONVERSION = YES;
				CLANG_WARN_OBJC_IMPLICIT_RETAIN_SELF = YES;
				CLANG_WARN_OBJC_LITERAL_CONVERSION = YES;
				CLANG_WARN_OBJC_ROOT_CLASS = YES_ERROR;
				CLANG_WARN_QUOTED_INCLUDE_IN_FRAMEWORK_HEADER = YES;
				CLANG_WARN_RANGE_LOOP_ANALYSIS = YES;
				CLANG_WARN_STRICT_PROTOTYPES = YES;
				CLANG_WARN_SUSPICIOUS_MOVE = YES;
				CLANG_WARN_UNGUARDED_AVAILABILITY = YES_AGGRESSIVE;
				CLANG_WARN_UNREACHABLE_CODE = YES;
				CLANG_WARN__DUPLICATE_METHOD_MATCH = YES;
				COPY_PHASE_STRIP = NO;
				DEBUG_INFORMATION_FORMAT = dwarf;
				ENABLE_STRICT_OBJC_MSGSEND = YES;
				ENABLE_TESTABILITY = YES;
				ENABLE_USER_SCRIPT_SANDBOXING = YES;
				GCC_C_LANGUAGE_STANDARD = gnu17;
				GCC_DYNAMIC_NO_PIC = NO;
				GCC_NO_COMMON_BLOCKS = YES;
				GCC_OPTIMIZATION_LEVEL = 0;
				GCC_PREPROCESSOR_DEFINITIONS = (
					"DEBUG=1",
					"$(inherited)",
				);
				GCC_WARN_64_TO_32_BIT_CONVERSION = YES;
				GCC_WARN_ABOUT_RETURN_TYPE = YES_ERROR;
				GCC_WARN_UNDECLARED_SELECTOR = YES;
				GCC_WARN_UNINITIALIZED_AUTOS = YES_AGGRESSIVE;
				GCC_WARN_UNUSED_FUNCTION = YES;
				GCC_WARN_UNUSED_VARIABLE = YES;
				IPHONEOS_DEPLOYMENT_TARGET = 18.5;
				LOCALIZATION_PREFERS_STRING_CATALOGS = YES;
				MTL_ENABLE_DEBUG_INFO = INCLUDE_SOURCE;
				MTL_FAST_MATH = YES;
				ONLY_ACTIVE_ARCH = YES;
				SDKROOT = iphoneos;
				SWIFT_ACTIVE_COMPILATION_CONDITIONS = "DEBUG $(inherited)";
				SWIFT_OPTIMIZATION_LEVEL = "-Onone";
			};
			name = Debug;
		};
		E94189F02E4891D600C5D043 /* Release */ = {
			isa = XCBuildConfiguration;
			buildSettings = {
				ALWAYS_SEARCH_USER_PATHS = NO;
				ASSETCATALOG_COMPILER_GENERATE_SWIFT_ASSET_SYMBOL_EXTENSIONS = YES;
				CLANG_ANALYZER_NONNULL = YES;
				CLANG_ANALYZER_NUMBER_OBJECT_CONVERSION = YES_AGGRESSIVE;
				CLANG_CXX_LANGUAGE_STANDARD = "gnu++20";
				CLANG_ENABLE_MODULES = YES;
				CLANG_ENABLE_OBJC_ARC = YES;
				CLANG_ENABLE_OBJC_WEAK = YES;
				CLANG_WARN_BLOCK_CAPTURE_AUTORELEASING = YES;
				CLANG_WARN_BOOL_CONVERSION = YES;
				CLANG_WARN_COMMA = YES;
				CLANG_WARN_CONSTANT_CONVERSION = YES;
				CLANG_WARN_DEPRECATED_OBJC_IMPLEMENTATIONS = YES;
				CLANG_WARN_DIRECT_OBJC_ISA_USAGE = YES_ERROR;
				CLANG_WARN_DOCUMENTATION_COMMENTS = YES;
				CLANG_WARN_EMPTY_BODY = YES;
				CLANG_WARN_ENUM_CONVERSION = YES;
				CLANG_WARN_INFINITE_RECURSION = YES;
				CLANG_WARN_INT_CONVERSION = YES;
				CLANG_WARN_NON_LITERAL_NULL_CONVERSION = YES;
				CLANG_WARN_OBJC_IMPLICIT_RETAIN_SELF = YES;
				CLANG_WARN_OBJC_LITERAL_CONVERSION = YES;
				CLANG_WARN_OBJC_ROOT_CLASS = YES_ERROR;
				CLANG_WARN_QUOTED_INCLUDE_IN_FRAMEWORK_HEADER = YES;
				CLANG_WARN_RANGE_LOOP_ANALYSIS = YES;
				CLANG_WARN_STRICT_PROTOTYPES = YES;
				CLANG_WARN_SUSPICIOUS_MOVE = YES;
				CLANG_WARN_UNGUARDED_AVAILABILITY = YES_AGGRESSIVE;
				CLANG_WARN_UNREACHABLE_CODE = YES;
				CLANG_WARN__DUPLICATE_METHOD_MATCH = YES;
				COPY_PHASE_STRIP = NO;
				DEBUG_INFORMATION_FORMAT = "dwarf-with-dsym";
				ENABLE_NS_ASSERTIONS = NO;
				ENABLE_STRICT_OBJC_MSGSEND = YES;
				ENABLE_USER_SCRIPT_SANDBOXING = YES;
				GCC_C_LANGUAGE_STANDARD = gnu17;
				GCC_NO_COMMON_BLOCKS = YES;
				GCC_WARN_64_TO_32_BIT_CONVERSION = YES;
				GCC_WARN_ABOUT_RETURN_TYPE = YES_ERROR;
				GCC_WARN_UNDECLARED_SELECTOR = YES;
				GCC_WARN_UNINITIALIZED_AUTOS = YES_AGGRESSIVE;
				GCC_WARN_UNUSED_FUNCTION = YES;
				GCC_WARN_UNUSED_VARIABLE = YES;
				IPHONEOS_DEPLOYMENT_TARGET = 18.5;
				LOCALIZATION_PREFERS_STRING_CATALOGS = YES;
				MTL_ENABLE_DEBUG_INFO = NO;
				MTL_FAST_MATH = YES;
				SDKROOT = iphoneos;
				SWIFT_COMPILATION_MODE = wholemodule;
				VALIDATE_PRODUCT = YES;
			};
			name = Release;
		};
		E94189F22E4891D600C5D043 /* Debug */ = {
			isa = XCBuildConfiguration;
			buildSettings = {
				ASSETCATALOG_COMPILER_APPICON_NAME = AppIcon;
				ASSETCATALOG_COMPILER_GLOBAL_ACCENT_COLOR_NAME = AccentColor;
				CODE_SIGN_STYLE = Automatic;
				CURRENT_PROJECT_VERSION = 1;
				ENABLE_PREVIEWS = YES;
				GENERATE_INFOPLIST_FILE = YES;
				INFOPLIST_KEY_UIApplicationSceneManifest_Generation = YES;
				INFOPLIST_KEY_UIApplicationSupportsIndirectInputEvents = YES;
				INFOPLIST_KEY_UILaunchScreen_Generation = YES;
				INFOPLIST_KEY_UISupportedInterfaceOrientations_iPad = "UIInterfaceOrientationPortrait UIInterfaceOrientationPortraitUpsideDown UIInterfaceOrientationLandscapeLeft UIInterfaceOrientationLandscapeRight";
				INFOPLIST_KEY_UISupportedInterfaceOrientations_iPhone = "UIInterfaceOrientationPortrait UIInterfaceOrientationLandscapeLeft UIInterfaceOrientationLandscapeRight";
				LD_RUNPATH_SEARCH_PATHS = (
					"$(inherited)",
					"@executable_path/Frameworks",
				);
				MARKETING_VERSION = 1.0;
				PRODUCT_BUNDLE_IDENTIFIER = com.manojghale.ParentShoppingApp;
				PRODUCT_NAME = "$(TARGET_NAME)";
				SWIFT_EMIT_LOC_STRINGS = YES;
				SWIFT_VERSION = 5.0;
				TARGETED_DEVICE_FAMILY = "1,2";
			};
			name = Debug;
		};
		E94189F32E4891D600C5D043 /* Release */ = {
			isa = XCBuildConfiguration;
			buildSettings = {
				ASSETCATALOG_COMPILER_APPICON_NAME = AppIcon;
				ASSETCATALOG_COMPILER_GLOBAL_ACCENT_COLOR_NAME = AccentColor;
				CODE_SIGN_STYLE = Automatic;
				CURRENT_PROJECT_VERSION = 1;
				ENABLE_PREVIEWS = YES;
				GENERATE_INFOPLIST_FILE = YES;
				INFOPLIST_KEY_UIApplicationSceneManifest_Generation = YES;
				INFOPLIST_KEY_UIApplicationSupportsIndirectInputEvents = YES;
				INFOPLIST_KEY_UILaunchScreen_Generation = YES;
				INFOPLIST_KEY_UISupportedInterfaceOrientations_iPad = "UIInterfaceOrientationPortrait UIInterfaceOrientationPortraitUpsideDown UIInterfaceOrientationLandscapeLeft UIInterfaceOrientationLandscapeRight";
				INFOPLIST_KEY_UISupportedInterfaceOrientations_iPhone = "UIInterfaceOrientationPortrait UIInterfaceOrientationLandscapeLeft UIInterfaceOrientationLandscapeRight";
				LD_RUNPATH_SEARCH_PATHS = (
					"$(inherited)",
					"@executable_path/Frameworks",
				);
				MARKETING_VERSION = 1.0;
				PRODUCT_BUNDLE_IDENTIFIER = com.manojghale.ParentShoppingApp;
				PRODUCT_NAME = "$(TARGET_NAME)";
				SWIFT_EMIT_LOC_STRINGS = YES;
				SWIFT_VERSION = 5.0;
				TARGETED_DEVICE_FAMILY = "1,2";
			};
			name = Release;
		};
		E94189F52E4891D600C5D043 /* Debug */ = {
			isa = XCBuildConfiguration;
			buildSettings = {
				BUNDLE_LOADER = "$(TEST_HOST)";
				CODE_SIGN_STYLE = Automatic;
				CURRENT_PROJECT_VERSION = 1;
				GENERATE_INFOPLIST_FILE = YES;
				IPHONEOS_DEPLOYMENT_TARGET = 18.5;
				MARKETING_VERSION = 1.0;
				PRODUCT_BUNDLE_IDENTIFIER = com.manojghale.ParentShoppingAppTests;
				PRODUCT_NAME = "$(TARGET_NAME)";
				SWIFT_EMIT_LOC_STRINGS = NO;
				SWIFT_VERSION = 5.0;
				TARGETED_DEVICE_FAMILY = "1,2";
				TEST_HOST = "$(BUILT_PRODUCTS_DIR)/ParentShoppingApp.app/$(BUNDLE_EXECUTABLE_FOLDER_PATH)/ParentShoppingApp";
			};
			name = Debug;
		};
		E94189F62E4891D600C5D043 /* Release */ = {
			isa = XCBuildConfiguration;
			buildSettings = {
				BUNDLE_LOADER = "$(TEST_HOST)";
				CODE_SIGN_STYLE = Automatic;
				CURRENT_PROJECT_VERSION = 1;
				GENERATE_INFOPLIST_FILE = YES;
				IPHONEOS_DEPLOYMENT_TARGET = 18.5;
				MARKETING_VERSION = 1.0;
				PRODUCT_BUNDLE_IDENTIFIER = com.manojghale.ParentShoppingAppTests;
				PRODUCT_NAME = "$(TARGET_NAME)";
				SWIFT_EMIT_LOC_STRINGS = NO;
				SWIFT_VERSION = 5.0;
				TARGETED_DEVICE_FAMILY = "1,2";
				TEST_HOST = "$(BUILT_PRODUCTS_DIR)/ParentShoppingApp.app/$(BUNDLE_EXECUTABLE_FOLDER_PATH)/ParentShoppingApp";
			};
			name = Release;
		};
		E94189F82E4891D600C5D043 /* Debug */ = {
			isa = XCBuildConfiguration;
			buildSettings = {
				CODE_SIGN_STYLE = Automatic;
				CURRENT_PROJECT_VERSION = 1;
				GENERATE_INFOPLIST_FILE = YES;
				MARKETING_VERSION = 1.0;
				PRODUCT_BUNDLE_IDENTIFIER = com.manojghale.ParentShoppingAppUITests;
				PRODUCT_NAME = "$(TARGET_NAME)";
				SWIFT_EMIT_LOC_STRINGS = NO;
				SWIFT_VERSION = 5.0;
				TARGETED_DEVICE_FAMILY = "1,2";
				TEST_TARGET_NAME = ParentShoppingApp;
			};
			name = Debug;
		};
		E94189F92E4891D600C5D043 /* Release */ = {
			isa = XCBuildConfiguration;
			buildSettings = {
				CODE_SIGN_STYLE = Automatic;
				CURRENT_PROJECT_VERSION = 1;
				GENERATE_INFOPLIST_FILE = YES;
				MARKETING_VERSION = 1.0;
				PRODUCT_BUNDLE_IDENTIFIER = com.manojghale.ParentShoppingAppUITests;
				PRODUCT_NAME = "$(TARGET_NAME)";
				SWIFT_EMIT_LOC_STRINGS = NO;
				SWIFT_VERSION = 5.0;
				TARGETED_DEVICE_FAMILY = "1,2";
				TEST_TARGET_NAME = ParentShoppingApp;
			};
			name = Release;
		};
/* End XCBuildConfiguration section */

/* Begin XCConfigurationList section */
		E94189C92E4891D300C5D043 /* Build configuration list for PBXProject "ParentShoppingApp" */ = {
			isa = XCConfigurationList;
			buildConfigurations = (
				E94189EF2E4891D600C5D043 /* Debug */,
				E94189F02E4891D600C5D043 /* Release */,
			);
			defaultConfigurationIsVisible = 0;
			defaultConfigurationName = Release;
		};
		E94189F12E4891D600C5D043 /* Build configuration list for PBXNativeTarget "ParentShoppingApp" */ = {
			isa = XCConfigurationList;
			buildConfigurations = (
				E94189F22E4891D600C5D043 /* Debug */,
				E94189F32E4891D600C5D043 /* Release */,
			);
			defaultConfigurationIsVisible = 0;
			defaultConfigurationName = Release;
		};
		E94189F42E4891D600C5D043 /* Build configuration list for PBXNativeTarget "ParentShoppingAppTests" */ = {
			isa = XCConfigurationList;
			buildConfigurations = (
				E94189F52E4891D600C5D043 /* Debug */,
				E94189F62E4891D600C5D043 /* Release */,
			);
			defaultConfigurationIsVisible = 0;
			defaultConfigurationName = Release;
		};
		E94189F72E4891D600C5D043 /* Build configuration list for PBXNativeTarget "ParentShoppingAppUITests" */ = {
			isa = XCConfigurationList;
			buildConfigurations = (
				E94189F82E4891D600C5D043 /* Debug */,
				E94189F92E4891D600C5D043 /* Release */,
			);
			defaultConfigurationIsVisible = 0;
			defaultConfigurationName = Release;
		};
/* End XCConfigurationList section */
	};
	rootObject = E94189C62E4891D300C5D043 /* Project object */;
}
